
Microsoft Visual Studio Solution File, Format Version 12.00
# Visual Studio 15
VisualStudioVersion = 15.0.28307.168
MinimumVisualStudioVersion = 10.0.40219.1
Project("{FAE04EC0-301F-11D3-BF4B-00C04F79EFBC}") = "FunctionApp19", "FunctionApp19\FunctionApp19.csproj", "{2F6E0CB1-A35A-4F76-802B-CA355A0D9DC4}"
EndProject
Global
	GlobalSection(SolutionConfigurationPlatforms) = preSolution
		Debug|Any CPU = Debug|Any CPU
		Release|Any CPU = Release|Any CPU
	EndGlobalSection
	GlobalSection(ProjectConfigurationPlatforms) = postSolution
		{2F6E0CB1-A35A-4F76-802B-CA355A0D9DC4}.Debug|Any CPU.ActiveCfg = Debug|Any CPU
		{2F6E0CB1-A35A-4F76-802B-CA355A0D9DC4}.Debug|Any CPU.Build.0 = Debug|Any CPU
		{2F6E0CB1-A35A-4F76-802B-CA355A0D9DC4}.Release|Any CPU.ActiveCfg = Release|Any CPU
		{2F6E0CB1-A35A-4F76-802B-CA355A0D9DC4}.Release|Any CPU.Build.0 = Release|Any CPU
	EndGlobalSection
	GlobalSection(SolutionProperties) = preSolution
		HideSolutionNode = FALSE
	EndGlobalSection
	GlobalSection(ExtensibilityGlobals) = postSolution
		SolutionGuid = {AD99AFE6-B652-4FD9-8C47-C1BA67EE3D57}
	EndGlobalSection
EndGlobal
