
Microsoft Visual Studio Solution File, Format Version 12.00
# Visual Studio Version 16
VisualStudioVersion = 16.0.28809.33
MinimumVisualStudioVersion = 10.0.40219.1
Project("{FAE04EC0-301F-11D3-BF4B-00C04F79EFBC}") = "webJob2.2", "webJob2.2\webJob2.2.csproj", "{DCD76B3E-67C8-416C-88BC-58E1E8A6C67C}"
EndProject
Global
	GlobalSection(SolutionConfigurationPlatforms) = preSolution
		Debug|Any CPU = Debug|Any CPU
		Release|Any CPU = Release|Any CPU
	EndGlobalSection
	GlobalSection(ProjectConfigurationPlatforms) = postSolution
		{DCD76B3E-67C8-416C-88BC-58E1E8A6C67C}.Debug|Any CPU.ActiveCfg = Debug|Any CPU
		{DCD76B3E-67C8-416C-88BC-58E1E8A6C67C}.Debug|Any CPU.Build.0 = Debug|Any CPU
		{DCD76B3E-67C8-416C-88BC-58E1E8A6C67C}.Release|Any CPU.ActiveCfg = Release|Any CPU
		{DCD76B3E-67C8-416C-88BC-58E1E8A6C67C}.Release|Any CPU.Build.0 = Release|Any CPU
	EndGlobalSection
	GlobalSection(SolutionProperties) = preSolution
		HideSolutionNode = FALSE
	EndGlobalSection
	GlobalSection(ExtensibilityGlobals) = postSolution
		SolutionGuid = {7E42DFE1-CF50-475C-9CD1-CDB1963C141C}
	EndGlobalSection
EndGlobal
