
Microsoft Visual Studio Solution File, Format Version 12.00
# Visual Studio Version 16
VisualStudioVersion = 16.0.28809.33
MinimumVisualStudioVersion = 10.0.40219.1
Project("{151D2E53-A2C4-4D7D-83FE-D05416EBD58E}") = "AzureTemplate", "AzureTemplate\AzureTemplate.deployproj", "{573BC1BD-45AE-4175-A7F7-932C55D11147}"
EndProject
Global
	GlobalSection(SolutionConfigurationPlatforms) = preSolution
		Debug|Any CPU = Debug|Any CPU
		Release|Any CPU = Release|Any CPU
	EndGlobalSection
	GlobalSection(ProjectConfigurationPlatforms) = postSolution
		{573BC1BD-45AE-4175-A7F7-932C55D11147}.Debug|Any CPU.ActiveCfg = Debug|Any CPU
		{573BC1BD-45AE-4175-A7F7-932C55D11147}.Debug|Any CPU.Build.0 = Debug|Any CPU
		{573BC1BD-45AE-4175-A7F7-932C55D11147}.Release|Any CPU.ActiveCfg = Release|Any CPU
		{573BC1BD-45AE-4175-A7F7-932C55D11147}.Release|Any CPU.Build.0 = Release|Any CPU
	EndGlobalSection
	GlobalSection(SolutionProperties) = preSolution
		HideSolutionNode = FALSE
	EndGlobalSection
	GlobalSection(ExtensibilityGlobals) = postSolution
		SolutionGuid = {9218D6C8-B23D-4164-A944-F2E868152BB5}
	EndGlobalSection
EndGlobal
