
Microsoft Visual Studio Solution File, Format Version 12.00
# Visual Studio Version 16
VisualStudioVersion = 16.0.28809.33
MinimumVisualStudioVersion = 10.0.40219.1
Project("{151D2E53-A2C4-4D7D-83FE-D05416EBD58E}") = "AzureResourceGroup28", "AzureResourceGroup28\AzureResourceGroup28.deployproj", "{2FEB3B7A-ADAD-40BC-AD3C-FBB9C8B6DD21}"
EndProject
Global
	GlobalSection(SolutionConfigurationPlatforms) = preSolution
		Debug|Any CPU = Debug|Any CPU
		Release|Any CPU = Release|Any CPU
	EndGlobalSection
	GlobalSection(ProjectConfigurationPlatforms) = postSolution
		{2FEB3B7A-ADAD-40BC-AD3C-FBB9C8B6DD21}.Debug|Any CPU.ActiveCfg = Debug|Any CPU
		{2FEB3B7A-ADAD-40BC-AD3C-FBB9C8B6DD21}.Debug|Any CPU.Build.0 = Debug|Any CPU
		{2FEB3B7A-ADAD-40BC-AD3C-FBB9C8B6DD21}.Release|Any CPU.ActiveCfg = Release|Any CPU
		{2FEB3B7A-ADAD-40BC-AD3C-FBB9C8B6DD21}.Release|Any CPU.Build.0 = Release|Any CPU
	EndGlobalSection
	GlobalSection(SolutionProperties) = preSolution
		HideSolutionNode = FALSE
	EndGlobalSection
	GlobalSection(ExtensibilityGlobals) = postSolution
		SolutionGuid = {35874076-8CDA-489E-BE42-679B97A91D3E}
	EndGlobalSection
EndGlobal
