
Microsoft Visual Studio Solution File, Format Version 12.00
# Visual Studio Version 16
VisualStudioVersion = 16.0.28809.33
MinimumVisualStudioVersion = 10.0.40219.1
Project("{151D2E53-A2C4-4D7D-83FE-D05416EBD58E}") = "AzureResourceGroup21", "AzureResourceGroup21\AzureResourceGroup21.deployproj", "{3BD48125-C342-422D-93C3-45674306BA24}"
EndProject
Global
	GlobalSection(SolutionConfigurationPlatforms) = preSolution
		Debug|Any CPU = Debug|Any CPU
		Release|Any CPU = Release|Any CPU
	EndGlobalSection
	GlobalSection(ProjectConfigurationPlatforms) = postSolution
		{3BD48125-C342-422D-93C3-45674306BA24}.Debug|Any CPU.ActiveCfg = Debug|Any CPU
		{3BD48125-C342-422D-93C3-45674306BA24}.Debug|Any CPU.Build.0 = Debug|Any CPU
		{3BD48125-C342-422D-93C3-45674306BA24}.Release|Any CPU.ActiveCfg = Release|Any CPU
		{3BD48125-C342-422D-93C3-45674306BA24}.Release|Any CPU.Build.0 = Release|Any CPU
	EndGlobalSection
	GlobalSection(SolutionProperties) = preSolution
		HideSolutionNode = FALSE
	EndGlobalSection
	GlobalSection(ExtensibilityGlobals) = postSolution
		SolutionGuid = {CC9FEBD5-0EA2-407E-84B5-47897FDCB028}
	EndGlobalSection
EndGlobal
