
Microsoft Visual Studio Solution File, Format Version 12.00
# Visual Studio Version 16
VisualStudioVersion = 16.0.28809.33
MinimumVisualStudioVersion = 10.0.40219.1
Project("{151D2E53-A2C4-4D7D-83FE-D05416EBD58E}") = "AzureResourceGroup24", "AzureResourceGroup24\AzureResourceGroup24.deployproj", "{84A6C316-F8B9-4716-A898-67504D6D6239}"
EndProject
Global
	GlobalSection(SolutionConfigurationPlatforms) = preSolution
		Debug|Any CPU = Debug|Any CPU
		Release|Any CPU = Release|Any CPU
	EndGlobalSection
	GlobalSection(ProjectConfigurationPlatforms) = postSolution
		{84A6C316-F8B9-4716-A898-67504D6D6239}.Debug|Any CPU.ActiveCfg = Debug|Any CPU
		{84A6C316-F8B9-4716-A898-67504D6D6239}.Debug|Any CPU.Build.0 = Debug|Any CPU
		{84A6C316-F8B9-4716-A898-67504D6D6239}.Release|Any CPU.ActiveCfg = Release|Any CPU
		{84A6C316-F8B9-4716-A898-67504D6D6239}.Release|Any CPU.Build.0 = Release|Any CPU
	EndGlobalSection
	GlobalSection(SolutionProperties) = preSolution
		HideSolutionNode = FALSE
	EndGlobalSection
	GlobalSection(ExtensibilityGlobals) = postSolution
		SolutionGuid = {0B93A2C9-E627-4DC0-A4BA-70DB5D8B0DA0}
	EndGlobalSection
EndGlobal
