
Microsoft Visual Studio Solution File, Format Version 12.00
# Visual Studio Version 16
VisualStudioVersion = 16.0.28809.33
MinimumVisualStudioVersion = 10.0.40219.1
Project("{151D2E53-A2C4-4D7D-83FE-D05416EBD58E}") = "AzureResourceGroup27", "AzureResourceGroup27\AzureResourceGroup27.deployproj", "{D250736E-025E-461D-B9A3-F1EE260284D8}"
EndProject
Global
	GlobalSection(SolutionConfigurationPlatforms) = preSolution
		Debug|Any CPU = Debug|Any CPU
		Release|Any CPU = Release|Any CPU
	EndGlobalSection
	GlobalSection(ProjectConfigurationPlatforms) = postSolution
		{D250736E-025E-461D-B9A3-F1EE260284D8}.Debug|Any CPU.ActiveCfg = Debug|Any CPU
		{D250736E-025E-461D-B9A3-F1EE260284D8}.Debug|Any CPU.Build.0 = Debug|Any CPU
		{D250736E-025E-461D-B9A3-F1EE260284D8}.Release|Any CPU.ActiveCfg = Release|Any CPU
		{D250736E-025E-461D-B9A3-F1EE260284D8}.Release|Any CPU.Build.0 = Release|Any CPU
	EndGlobalSection
	GlobalSection(SolutionProperties) = preSolution
		HideSolutionNode = FALSE
	EndGlobalSection
	GlobalSection(ExtensibilityGlobals) = postSolution
		SolutionGuid = {7062A931-B28F-42A8-8196-F899F4CCD9D6}
	EndGlobalSection
EndGlobal
