
Microsoft Visual Studio Solution File, Format Version 12.00
# Visual Studio Version 16
VisualStudioVersion = 16.0.28809.33
MinimumVisualStudioVersion = 10.0.40219.1
Project("{FAE04EC0-301F-11D3-BF4B-00C04F79EFBC}") = "FunctionApp47", "FunctionApp47\FunctionApp47.csproj", "{33B7A079-476E-4328-8090-8521F396F16E}"
EndProject
Global
	GlobalSection(SolutionConfigurationPlatforms) = preSolution
		Debug|Any CPU = Debug|Any CPU
		Release|Any CPU = Release|Any CPU
	EndGlobalSection
	GlobalSection(ProjectConfigurationPlatforms) = postSolution
		{33B7A079-476E-4328-8090-8521F396F16E}.Debug|Any CPU.ActiveCfg = Debug|Any CPU
		{33B7A079-476E-4328-8090-8521F396F16E}.Debug|Any CPU.Build.0 = Debug|Any CPU
		{33B7A079-476E-4328-8090-8521F396F16E}.Release|Any CPU.ActiveCfg = Release|Any CPU
		{33B7A079-476E-4328-8090-8521F396F16E}.Release|Any CPU.Build.0 = Release|Any CPU
	EndGlobalSection
	GlobalSection(SolutionProperties) = preSolution
		HideSolutionNode = FALSE
	EndGlobalSection
	GlobalSection(ExtensibilityGlobals) = postSolution
		SolutionGuid = {FCA0BB0E-6ECC-4CD7-B82D-0281C0BF71A9}
	EndGlobalSection
EndGlobal
