
Microsoft Visual Studio Solution File, Format Version 12.00
# Visual Studio Version 16
VisualStudioVersion = 16.0.28809.33
MinimumVisualStudioVersion = 10.0.40219.1
Project("{FAE04EC0-301F-11D3-BF4B-00C04F79EFBC}") = "FunctionApp48", "FunctionApp48\FunctionApp48.csproj", "{9A42C5A1-8009-4206-B721-E530CA3EE30E}"
EndProject
Global
	GlobalSection(SolutionConfigurationPlatforms) = preSolution
		Debug|Any CPU = Debug|Any CPU
		Release|Any CPU = Release|Any CPU
	EndGlobalSection
	GlobalSection(ProjectConfigurationPlatforms) = postSolution
		{9A42C5A1-8009-4206-B721-E530CA3EE30E}.Debug|Any CPU.ActiveCfg = Debug|Any CPU
		{9A42C5A1-8009-4206-B721-E530CA3EE30E}.Debug|Any CPU.Build.0 = Debug|Any CPU
		{9A42C5A1-8009-4206-B721-E530CA3EE30E}.Release|Any CPU.ActiveCfg = Release|Any CPU
		{9A42C5A1-8009-4206-B721-E530CA3EE30E}.Release|Any CPU.Build.0 = Release|Any CPU
	EndGlobalSection
	GlobalSection(SolutionProperties) = preSolution
		HideSolutionNode = FALSE
	EndGlobalSection
	GlobalSection(ExtensibilityGlobals) = postSolution
		SolutionGuid = {2EDE64F0-9725-4695-A260-75AD0A7B4B93}
	EndGlobalSection
EndGlobal
