
Microsoft Visual Studio Solution File, Format Version 12.00
# Visual Studio Version 16
VisualStudioVersion = 16.0.28809.33
MinimumVisualStudioVersion = 10.0.40219.1
Project("{FAE04EC0-301F-11D3-BF4B-00C04F79EFBC}") = "FunctionApp44", "FunctionApp44\FunctionApp44.csproj", "{D3CBD65E-E771-4905-A040-D7EF715C4022}"
EndProject
Global
	GlobalSection(SolutionConfigurationPlatforms) = preSolution
		Debug|Any CPU = Debug|Any CPU
		Release|Any CPU = Release|Any CPU
	EndGlobalSection
	GlobalSection(ProjectConfigurationPlatforms) = postSolution
		{D3CBD65E-E771-4905-A040-D7EF715C4022}.Debug|Any CPU.ActiveCfg = Debug|Any CPU
		{D3CBD65E-E771-4905-A040-D7EF715C4022}.Debug|Any CPU.Build.0 = Debug|Any CPU
		{D3CBD65E-E771-4905-A040-D7EF715C4022}.Release|Any CPU.ActiveCfg = Release|Any CPU
		{D3CBD65E-E771-4905-A040-D7EF715C4022}.Release|Any CPU.Build.0 = Release|Any CPU
	EndGlobalSection
	GlobalSection(SolutionProperties) = preSolution
		HideSolutionNode = FALSE
	EndGlobalSection
	GlobalSection(ExtensibilityGlobals) = postSolution
		SolutionGuid = {634ECB93-8408-4D26-9E6A-224B661EFAA8}
	EndGlobalSection
EndGlobal
