
Microsoft Visual Studio Solution File, Format Version 12.00
# Visual Studio Version 16
VisualStudioVersion = 16.0.28809.33
MinimumVisualStudioVersion = 10.0.40219.1
Project("{FAE04EC0-301F-11D3-BF4B-00C04F79EFBC}") = "FunctionApp53", "FunctionApp53\FunctionApp53.csproj", "{ACFB53AB-85D5-4096-A7A8-67B7E2EF8B22}"
EndProject
Global
	GlobalSection(SolutionConfigurationPlatforms) = preSolution
		Debug|Any CPU = Debug|Any CPU
		Release|Any CPU = Release|Any CPU
	EndGlobalSection
	GlobalSection(ProjectConfigurationPlatforms) = postSolution
		{ACFB53AB-85D5-4096-A7A8-67B7E2EF8B22}.Debug|Any CPU.ActiveCfg = Debug|Any CPU
		{ACFB53AB-85D5-4096-A7A8-67B7E2EF8B22}.Debug|Any CPU.Build.0 = Debug|Any CPU
		{ACFB53AB-85D5-4096-A7A8-67B7E2EF8B22}.Release|Any CPU.ActiveCfg = Release|Any CPU
		{ACFB53AB-85D5-4096-A7A8-67B7E2EF8B22}.Release|Any CPU.Build.0 = Release|Any CPU
	EndGlobalSection
	GlobalSection(SolutionProperties) = preSolution
		HideSolutionNode = FALSE
	EndGlobalSection
	GlobalSection(ExtensibilityGlobals) = postSolution
		SolutionGuid = {74EAFC8F-F676-476C-9A49-84E8ABD5046D}
	EndGlobalSection
EndGlobal
