
Microsoft Visual Studio Solution File, Format Version 12.00
# Visual Studio Version 16
VisualStudioVersion = 16.0.28809.33
MinimumVisualStudioVersion = 10.0.40219.1
Project("{FAE04EC0-301F-11D3-BF4B-00C04F79EFBC}") = "TestingWebApp", "TestingWebApp\TestingWebApp.csproj", "{487F5D03-68FA-412B-BDD6-E9E0FF5F20D1}"
EndProject
Global
	GlobalSection(SolutionConfigurationPlatforms) = preSolution
		Debug|Any CPU = Debug|Any CPU
		Release|Any CPU = Release|Any CPU
	EndGlobalSection
	GlobalSection(ProjectConfigurationPlatforms) = postSolution
		{487F5D03-68FA-412B-BDD6-E9E0FF5F20D1}.Debug|Any CPU.ActiveCfg = Debug|Any CPU
		{487F5D03-68FA-412B-BDD6-E9E0FF5F20D1}.Debug|Any CPU.Build.0 = Debug|Any CPU
		{487F5D03-68FA-412B-BDD6-E9E0FF5F20D1}.Release|Any CPU.ActiveCfg = Release|Any CPU
		{487F5D03-68FA-412B-BDD6-E9E0FF5F20D1}.Release|Any CPU.Build.0 = Release|Any CPU
	EndGlobalSection
	GlobalSection(SolutionProperties) = preSolution
		HideSolutionNode = FALSE
	EndGlobalSection
	GlobalSection(ExtensibilityGlobals) = postSolution
		SolutionGuid = {FB8B02C8-D782-4EB9-9EAA-CD81927C43C4}
	EndGlobalSection
EndGlobal
