
Microsoft Visual Studio Solution File, Format Version 12.00
# Visual Studio Version 16
VisualStudioVersion = 16.0.28809.33
MinimumVisualStudioVersion = 10.0.40219.1
Project("{FAE04EC0-301F-11D3-BF4B-00C04F79EFBC}") = "WebJob8", "WebJob8\WebJob8.csproj", "{78B79580-DE01-4240-A581-3C5C611E7636}"
EndProject
Global
	GlobalSection(SolutionConfigurationPlatforms) = preSolution
		Debug|Any CPU = Debug|Any CPU
		Release|Any CPU = Release|Any CPU
	EndGlobalSection
	GlobalSection(ProjectConfigurationPlatforms) = postSolution
		{78B79580-DE01-4240-A581-3C5C611E7636}.Debug|Any CPU.ActiveCfg = Debug|Any CPU
		{78B79580-DE01-4240-A581-3C5C611E7636}.Debug|Any CPU.Build.0 = Debug|Any CPU
		{78B79580-DE01-4240-A581-3C5C611E7636}.Release|Any CPU.ActiveCfg = Release|Any CPU
		{78B79580-DE01-4240-A581-3C5C611E7636}.Release|Any CPU.Build.0 = Release|Any CPU
	EndGlobalSection
	GlobalSection(SolutionProperties) = preSolution
		HideSolutionNode = FALSE
	EndGlobalSection
	GlobalSection(ExtensibilityGlobals) = postSolution
		SolutionGuid = {B8FECA5C-ACA2-4384-99F6-683D54BB4D45}
	EndGlobalSection
EndGlobal
