
Microsoft Visual Studio Solution File, Format Version 12.00
# Visual Studio Version 16
VisualStudioVersion = 16.0.29521.150
MinimumVisualStudioVersion = 10.0.40219.1
Project("{151D2E53-A2C4-4D7D-83FE-D05416EBD58E}") = "ARMMSdeploy", "ARMMSdeploy.deployproj", "{46C17B89-665D-48C5-8BD5-BB6BB0C31235}"
EndProject
Project("{FAE04EC0-301F-11D3-BF4B-00C04F79EFBC}") = "FunctionAppMSDeploy", "..\FunctionAppMSDeploy\FunctionAppMSDeploy.csproj", "{BBD16277-CC70-4A57-894D-EC697779DF5C}"
EndProject
Global
	GlobalSection(SolutionConfigurationPlatforms) = preSolution
		Debug|Any CPU = Debug|Any CPU
		Release|Any CPU = Release|Any CPU
	EndGlobalSection
	GlobalSection(ProjectConfigurationPlatforms) = postSolution
		{46C17B89-665D-48C5-8BD5-BB6BB0C31235}.Debug|Any CPU.ActiveCfg = Release|Any CPU
		{46C17B89-665D-48C5-8BD5-BB6BB0C31235}.Debug|Any CPU.Build.0 = Release|Any CPU
		{46C17B89-665D-48C5-8BD5-BB6BB0C31235}.Release|Any CPU.ActiveCfg = Release|Any CPU
		{46C17B89-665D-48C5-8BD5-BB6BB0C31235}.Release|Any CPU.Build.0 = Release|Any CPU
		{BBD16277-CC70-4A57-894D-EC697779DF5C}.Debug|Any CPU.ActiveCfg = Release|Any CPU
		{BBD16277-CC70-4A57-894D-EC697779DF5C}.Debug|Any CPU.Build.0 = Release|Any CPU
		{BBD16277-CC70-4A57-894D-EC697779DF5C}.Release|Any CPU.ActiveCfg = Release|Any CPU
		{BBD16277-CC70-4A57-894D-EC697779DF5C}.Release|Any CPU.Build.0 = Release|Any CPU
	EndGlobalSection
	GlobalSection(SolutionProperties) = preSolution
		HideSolutionNode = FALSE
	EndGlobalSection
	GlobalSection(ExtensibilityGlobals) = postSolution
		SolutionGuid = {87AC99BD-0B19-4B66-8AC0-6E6CB64FE35C}
	EndGlobalSection
EndGlobal
