
Microsoft Visual Studio Solution File, Format Version 12.00
# Visual Studio 15
VisualStudioVersion = 15.0.28010.2050
MinimumVisualStudioVersion = 10.0.40219.1
Project("{FAE04EC0-301F-11D3-BF4B-00C04F79EFBC}") = "FunctionApp29", "FunctionApp29\FunctionApp29.csproj", "{13712950-F840-4725-9DE2-C9DB641EAB1C}"
EndProject
Global
	GlobalSection(SolutionConfigurationPlatforms) = preSolution
		Debug|Any CPU = Debug|Any CPU
		Release|Any CPU = Release|Any CPU
	EndGlobalSection
	GlobalSection(ProjectConfigurationPlatforms) = postSolution
		{13712950-F840-4725-9DE2-C9DB641EAB1C}.Debug|Any CPU.ActiveCfg = Debug|Any CPU
		{13712950-F840-4725-9DE2-C9DB641EAB1C}.Debug|Any CPU.Build.0 = Debug|Any CPU
		{13712950-F840-4725-9DE2-C9DB641EAB1C}.Release|Any CPU.ActiveCfg = Release|Any CPU
		{13712950-F840-4725-9DE2-C9DB641EAB1C}.Release|Any CPU.Build.0 = Release|Any CPU
	EndGlobalSection
	GlobalSection(SolutionProperties) = preSolution
		HideSolutionNode = FALSE
	EndGlobalSection
	GlobalSection(ExtensibilityGlobals) = postSolution
		SolutionGuid = {E1A91A8A-ECB8-46F1-8E21-75A71AD1DE36}
	EndGlobalSection
EndGlobal
