
Microsoft Visual Studio Solution File, Format Version 12.00
# Visual Studio 15
VisualStudioVersion = 15.0.28010.2050
MinimumVisualStudioVersion = 10.0.40219.1
Project("{FAE04EC0-301F-11D3-BF4B-00C04F79EFBC}") = "Peter", "Peter\Peter.csproj", "{6FFA813C-48BA-46B1-AE3D-453EBC6CBB88}"
EndProject
Global
	GlobalSection(SolutionConfigurationPlatforms) = preSolution
		Debug|Any CPU = Debug|Any CPU
		Release|Any CPU = Release|Any CPU
	EndGlobalSection
	GlobalSection(ProjectConfigurationPlatforms) = postSolution
		{6FFA813C-48BA-46B1-AE3D-453EBC6CBB88}.Debug|Any CPU.ActiveCfg = Debug|Any CPU
		{6FFA813C-48BA-46B1-AE3D-453EBC6CBB88}.Debug|Any CPU.Build.0 = Debug|Any CPU
		{6FFA813C-48BA-46B1-AE3D-453EBC6CBB88}.Release|Any CPU.ActiveCfg = Release|Any CPU
		{6FFA813C-48BA-46B1-AE3D-453EBC6CBB88}.Release|Any CPU.Build.0 = Release|Any CPU
	EndGlobalSection
	GlobalSection(SolutionProperties) = preSolution
		HideSolutionNode = FALSE
	EndGlobalSection
	GlobalSection(ExtensibilityGlobals) = postSolution
		SolutionGuid = {0EE63669-03A1-4ACF-8CB8-4190FF05A965}
	EndGlobalSection
EndGlobal
