
Microsoft Visual Studio Solution File, Format Version 12.00
# Visual Studio 15
VisualStudioVersion = 15.0.28010.2050
MinimumVisualStudioVersion = 10.0.40219.1
Project("{FAE04EC0-301F-11D3-BF4B-00C04F79EFBC}") = "WebJob5", "WebJob5\WebJob5.csproj", "{992E31F2-1900-4C68-B822-748BED6D6A40}"
EndProject
Global
	GlobalSection(SolutionConfigurationPlatforms) = preSolution
		Debug|Any CPU = Debug|Any CPU
		Release|Any CPU = Release|Any CPU
	EndGlobalSection
	GlobalSection(ProjectConfigurationPlatforms) = postSolution
		{992E31F2-1900-4C68-B822-748BED6D6A40}.Debug|Any CPU.ActiveCfg = Debug|Any CPU
		{992E31F2-1900-4C68-B822-748BED6D6A40}.Debug|Any CPU.Build.0 = Debug|Any CPU
		{992E31F2-1900-4C68-B822-748BED6D6A40}.Release|Any CPU.ActiveCfg = Release|Any CPU
		{992E31F2-1900-4C68-B822-748BED6D6A40}.Release|Any CPU.Build.0 = Release|Any CPU
	EndGlobalSection
	GlobalSection(SolutionProperties) = preSolution
		HideSolutionNode = FALSE
	EndGlobalSection
	GlobalSection(ExtensibilityGlobals) = postSolution
		SolutionGuid = {948FEC55-D664-47C8-A42C-DF9BFCEA9CAF}
	EndGlobalSection
EndGlobal
