
Microsoft Visual Studio Solution File, Format Version 12.00
# Visual Studio 15
VisualStudioVersion = 15.0.28307.168
MinimumVisualStudioVersion = 10.0.40219.1
Project("{FAE04EC0-301F-11D3-BF4B-00C04F79EFBC}") = "FunctionApp25", "FunctionApp25\FunctionApp25.csproj", "{6EC32F51-B0DF-4CA3-82F6-E2C6D46FCAC2}"
EndProject
Global
	GlobalSection(SolutionConfigurationPlatforms) = preSolution
		Debug|Any CPU = Debug|Any CPU
		Release|Any CPU = Release|Any CPU
	EndGlobalSection
	GlobalSection(ProjectConfigurationPlatforms) = postSolution
		{6EC32F51-B0DF-4CA3-82F6-E2C6D46FCAC2}.Debug|Any CPU.ActiveCfg = Debug|Any CPU
		{6EC32F51-B0DF-4CA3-82F6-E2C6D46FCAC2}.Debug|Any CPU.Build.0 = Debug|Any CPU
		{6EC32F51-B0DF-4CA3-82F6-E2C6D46FCAC2}.Release|Any CPU.ActiveCfg = Release|Any CPU
		{6EC32F51-B0DF-4CA3-82F6-E2C6D46FCAC2}.Release|Any CPU.Build.0 = Release|Any CPU
	EndGlobalSection
	GlobalSection(SolutionProperties) = preSolution
		HideSolutionNode = FALSE
	EndGlobalSection
	GlobalSection(ExtensibilityGlobals) = postSolution
		SolutionGuid = {A52EC5B5-EE29-44AC-8B71-33A7AA37DD26}
	EndGlobalSection
EndGlobal
