
Microsoft Visual Studio Solution File, Format Version 12.00
# Visual Studio 15
VisualStudioVersion = 15.0.28010.2050
MinimumVisualStudioVersion = 10.0.40219.1
Project("{FAE04EC0-301F-11D3-BF4B-00C04F79EFBC}") = "FunctionApp12", "FunctionApp12\FunctionApp12.csproj", "{9EB93912-871F-490F-8570-F2323BE00C03}"
EndProject
Global
	GlobalSection(SolutionConfigurationPlatforms) = preSolution
		Debug|Any CPU = Debug|Any CPU
		Release|Any CPU = Release|Any CPU
	EndGlobalSection
	GlobalSection(ProjectConfigurationPlatforms) = postSolution
		{9EB93912-871F-490F-8570-F2323BE00C03}.Debug|Any CPU.ActiveCfg = Debug|Any CPU
		{9EB93912-871F-490F-8570-F2323BE00C03}.Debug|Any CPU.Build.0 = Debug|Any CPU
		{9EB93912-871F-490F-8570-F2323BE00C03}.Release|Any CPU.ActiveCfg = Release|Any CPU
		{9EB93912-871F-490F-8570-F2323BE00C03}.Release|Any CPU.Build.0 = Release|Any CPU
	EndGlobalSection
	GlobalSection(SolutionProperties) = preSolution
		HideSolutionNode = FALSE
	EndGlobalSection
	GlobalSection(ExtensibilityGlobals) = postSolution
		SolutionGuid = {785C61C3-155E-41FD-818B-A0AAF0288631}
	EndGlobalSection
EndGlobal
