
Microsoft Visual Studio Solution File, Format Version 12.00
# Visual Studio 15
VisualStudioVersion = 15.0.28307.572
MinimumVisualStudioVersion = 10.0.40219.1
Project("{9A19103F-16F7-4668-BE54-9A1E7A4F7556}") = "WebApplication7", "WebApplication7\WebApplication7.csproj", "{C51C749A-87CE-4538-AF02-B998D13ACB81}"
EndProject
Project("{FAE04EC0-301F-11D3-BF4B-00C04F79EFBC}") = "WebJobSopacifi", "WebJobSopacifi\WebJobSopacifi.csproj", "{1CFBE173-E0DE-4DC7-8407-849BA77D60FC}"
EndProject
Global
	GlobalSection(SolutionConfigurationPlatforms) = preSolution
		Debug|Any CPU = Debug|Any CPU
		Release|Any CPU = Release|Any CPU
	EndGlobalSection
	GlobalSection(ProjectConfigurationPlatforms) = postSolution
		{C51C749A-87CE-4538-AF02-B998D13ACB81}.Debug|Any CPU.ActiveCfg = Debug|Any CPU
		{C51C749A-87CE-4538-AF02-B998D13ACB81}.Debug|Any CPU.Build.0 = Debug|Any CPU
		{C51C749A-87CE-4538-AF02-B998D13ACB81}.Release|Any CPU.ActiveCfg = Release|Any CPU
		{C51C749A-87CE-4538-AF02-B998D13ACB81}.Release|Any CPU.Build.0 = Release|Any CPU
		{1CFBE173-E0DE-4DC7-8407-849BA77D60FC}.Debug|Any CPU.ActiveCfg = Debug|Any CPU
		{1CFBE173-E0DE-4DC7-8407-849BA77D60FC}.Debug|Any CPU.Build.0 = Debug|Any CPU
		{1CFBE173-E0DE-4DC7-8407-849BA77D60FC}.Release|Any CPU.ActiveCfg = Release|Any CPU
		{1CFBE173-E0DE-4DC7-8407-849BA77D60FC}.Release|Any CPU.Build.0 = Release|Any CPU
	EndGlobalSection
	GlobalSection(SolutionProperties) = preSolution
		HideSolutionNode = FALSE
	EndGlobalSection
	GlobalSection(ExtensibilityGlobals) = postSolution
		SolutionGuid = {60710737-76B0-4F80-A4D7-5BFB8B35D34C}
	EndGlobalSection
EndGlobal
