
Microsoft Visual Studio Solution File, Format Version 12.00
# Visual Studio Version 16
VisualStudioVersion = 16.0.29521.150
MinimumVisualStudioVersion = 10.0.40219.1
Project("{151D2E53-A2C4-4D7D-83FE-D05416EBD58E}") = "AzureResourceGroup29", "AzureResourceGroup29.deployproj", "{0E6DF2BE-7F60-4639-9DDF-14BF06152A0D}"
EndProject
Global
	GlobalSection(SolutionConfigurationPlatforms) = preSolution
		Debug|Any CPU = Debug|Any CPU
		Release|Any CPU = Release|Any CPU
	EndGlobalSection
	GlobalSection(ProjectConfigurationPlatforms) = postSolution
		{0E6DF2BE-7F60-4639-9DDF-14BF06152A0D}.Debug|Any CPU.ActiveCfg = Debug|Any CPU
		{0E6DF2BE-7F60-4639-9DDF-14BF06152A0D}.Debug|Any CPU.Build.0 = Debug|Any CPU
		{0E6DF2BE-7F60-4639-9DDF-14BF06152A0D}.Release|Any CPU.ActiveCfg = Release|Any CPU
		{0E6DF2BE-7F60-4639-9DDF-14BF06152A0D}.Release|Any CPU.Build.0 = Release|Any CPU
	EndGlobalSection
	GlobalSection(SolutionProperties) = preSolution
		HideSolutionNode = FALSE
	EndGlobalSection
	GlobalSection(ExtensibilityGlobals) = postSolution
		SolutionGuid = {8CF9239F-EFD2-4865-B51C-40A306935E96}
	EndGlobalSection
EndGlobal
