
Microsoft Visual Studio Solution File, Format Version 12.00
# Visual Studio 15
VisualStudioVersion = 15.0.28307.168
MinimumVisualStudioVersion = 10.0.40219.1
Project("{151D2E53-A2C4-4D7D-83FE-D05416EBD58E}") = "LinuxProperty", "LinuxProperty\LinuxProperty.deployproj", "{C2155CB7-030D-4C71-AC2F-FA3CDA6C9EA0}"
EndProject
Global
	GlobalSection(SolutionConfigurationPlatforms) = preSolution
		Debug|Any CPU = Debug|Any CPU
		Release|Any CPU = Release|Any CPU
	EndGlobalSection
	GlobalSection(ProjectConfigurationPlatforms) = postSolution
		{C2155CB7-030D-4C71-AC2F-FA3CDA6C9EA0}.Debug|Any CPU.ActiveCfg = Debug|Any CPU
		{C2155CB7-030D-4C71-AC2F-FA3CDA6C9EA0}.Debug|Any CPU.Build.0 = Debug|Any CPU
		{C2155CB7-030D-4C71-AC2F-FA3CDA6C9EA0}.Release|Any CPU.ActiveCfg = Release|Any CPU
		{C2155CB7-030D-4C71-AC2F-FA3CDA6C9EA0}.Release|Any CPU.Build.0 = Release|Any CPU
	EndGlobalSection
	GlobalSection(SolutionProperties) = preSolution
		HideSolutionNode = FALSE
	EndGlobalSection
	GlobalSection(ExtensibilityGlobals) = postSolution
		SolutionGuid = {C734BB41-A3E4-4062-9FFD-3FC80A1158D0}
	EndGlobalSection
EndGlobal
