
Microsoft Visual Studio Solution File, Format Version 12.00
# Visual Studio 15
VisualStudioVersion = 15.0.28307.168
MinimumVisualStudioVersion = 10.0.40219.1
Project("{151D2E53-A2C4-4D7D-83FE-D05416EBD58E}") = "onErrorDeployment", "onErrorDeployment\onErrorDeployment.deployproj", "{46CDD6BB-1AFE-403C-AB53-13B731925D94}"
EndProject
Global
	GlobalSection(SolutionConfigurationPlatforms) = preSolution
		Debug|Any CPU = Debug|Any CPU
		Release|Any CPU = Release|Any CPU
	EndGlobalSection
	GlobalSection(ProjectConfigurationPlatforms) = postSolution
		{46CDD6BB-1AFE-403C-AB53-13B731925D94}.Debug|Any CPU.ActiveCfg = Debug|Any CPU
		{46CDD6BB-1AFE-403C-AB53-13B731925D94}.Debug|Any CPU.Build.0 = Debug|Any CPU
		{46CDD6BB-1AFE-403C-AB53-13B731925D94}.Release|Any CPU.ActiveCfg = Release|Any CPU
		{46CDD6BB-1AFE-403C-AB53-13B731925D94}.Release|Any CPU.Build.0 = Release|Any CPU
	EndGlobalSection
	GlobalSection(SolutionProperties) = preSolution
		HideSolutionNode = FALSE
	EndGlobalSection
	GlobalSection(ExtensibilityGlobals) = postSolution
		SolutionGuid = {FC8B9599-70C9-4DB9-9D8D-010BC286230B}
	EndGlobalSection
EndGlobal
