
Microsoft Visual Studio Solution File, Format Version 12.00
# Visual Studio 15
VisualStudioVersion = 15.0.28307.572
MinimumVisualStudioVersion = 10.0.40219.1
Project("{FAE04EC0-301F-11D3-BF4B-00C04F79EFBC}") = "functionOneSopacifi", "functionOneSopacifi\functionOneSopacifi.csproj", "{C666107C-7583-4661-8516-788E492380CD}"
EndProject
Global
	GlobalSection(SolutionConfigurationPlatforms) = preSolution
		Debug|Any CPU = Debug|Any CPU
		Release|Any CPU = Release|Any CPU
	EndGlobalSection
	GlobalSection(ProjectConfigurationPlatforms) = postSolution
		{C666107C-7583-4661-8516-788E492380CD}.Debug|Any CPU.ActiveCfg = Debug|Any CPU
		{C666107C-7583-4661-8516-788E492380CD}.Debug|Any CPU.Build.0 = Debug|Any CPU
		{C666107C-7583-4661-8516-788E492380CD}.Release|Any CPU.ActiveCfg = Release|Any CPU
		{C666107C-7583-4661-8516-788E492380CD}.Release|Any CPU.Build.0 = Release|Any CPU
	EndGlobalSection
	GlobalSection(SolutionProperties) = preSolution
		HideSolutionNode = FALSE
	EndGlobalSection
	GlobalSection(ExtensibilityGlobals) = postSolution
		SolutionGuid = {B03D78FB-ED23-47EE-A177-557CE03C6AD4}
	EndGlobalSection
EndGlobal
