
Microsoft Visual Studio Solution File, Format Version 12.00
# Visual Studio 15
VisualStudioVersion = 15.0.28010.2050
MinimumVisualStudioVersion = 10.0.40219.1
Project("{FAE04EC0-301F-11D3-BF4B-00C04F79EFBC}") = "WebApplication8", "WebApplication8\WebApplication8.csproj", "{B9AAE868-37B5-4EB4-9C33-F79FA26A0AB9}"
EndProject
Global
	GlobalSection(SolutionConfigurationPlatforms) = preSolution
		Debug|Any CPU = Debug|Any CPU
		Release|Any CPU = Release|Any CPU
	EndGlobalSection
	GlobalSection(ProjectConfigurationPlatforms) = postSolution
		{B9AAE868-37B5-4EB4-9C33-F79FA26A0AB9}.Debug|Any CPU.ActiveCfg = Debug|Any CPU
		{B9AAE868-37B5-4EB4-9C33-F79FA26A0AB9}.Debug|Any CPU.Build.0 = Debug|Any CPU
		{B9AAE868-37B5-4EB4-9C33-F79FA26A0AB9}.Release|Any CPU.ActiveCfg = Release|Any CPU
		{B9AAE868-37B5-4EB4-9C33-F79FA26A0AB9}.Release|Any CPU.Build.0 = Release|Any CPU
	EndGlobalSection
	GlobalSection(SolutionProperties) = preSolution
		HideSolutionNode = FALSE
	EndGlobalSection
	GlobalSection(ExtensibilityGlobals) = postSolution
		SolutionGuid = {657C92AD-0CC6-4B62-BF34-3C329BFF2FAC}
	EndGlobalSection
EndGlobal
