
Microsoft Visual Studio Solution File, Format Version 12.00
# Visual Studio 15
VisualStudioVersion = 15.0.28010.2050
MinimumVisualStudioVersion = 10.0.40219.1
Project("{FAE04EC0-301F-11D3-BF4B-00C04F79EFBC}") = "FunctionAppChad", "FunctionAppChad\FunctionAppChad.csproj", "{0F1C68B2-E4E2-47AD-B43F-DBE8D6BEAF69}"
EndProject
Global
	GlobalSection(SolutionConfigurationPlatforms) = preSolution
		Debug|Any CPU = Debug|Any CPU
		Release|Any CPU = Release|Any CPU
	EndGlobalSection
	GlobalSection(ProjectConfigurationPlatforms) = postSolution
		{0F1C68B2-E4E2-47AD-B43F-DBE8D6BEAF69}.Debug|Any CPU.ActiveCfg = Debug|Any CPU
		{0F1C68B2-E4E2-47AD-B43F-DBE8D6BEAF69}.Debug|Any CPU.Build.0 = Debug|Any CPU
		{0F1C68B2-E4E2-47AD-B43F-DBE8D6BEAF69}.Release|Any CPU.ActiveCfg = Release|Any CPU
		{0F1C68B2-E4E2-47AD-B43F-DBE8D6BEAF69}.Release|Any CPU.Build.0 = Release|Any CPU
	EndGlobalSection
	GlobalSection(SolutionProperties) = preSolution
		HideSolutionNode = FALSE
	EndGlobalSection
	GlobalSection(ExtensibilityGlobals) = postSolution
		SolutionGuid = {6B21ED02-D6C8-48DF-80B3-CA74EADF39CD}
	EndGlobalSection
EndGlobal
