
Microsoft Visual Studio Solution File, Format Version 12.00
# Visual Studio 15
VisualStudioVersion = 15.0.28307.168
MinimumVisualStudioVersion = 10.0.40219.1
Project("{FAE04EC0-301F-11D3-BF4B-00C04F79EFBC}") = "ServiceBusFunction1", "ServiceBusFunction\ServiceBusFunction1.csproj", "{43AAD26E-233E-4E31-954B-6B8786111CB1}"
EndProject
Global
	GlobalSection(SolutionConfigurationPlatforms) = preSolution
		Debug|Any CPU = Debug|Any CPU
		Release|Any CPU = Release|Any CPU
	EndGlobalSection
	GlobalSection(ProjectConfigurationPlatforms) = postSolution
		{43AAD26E-233E-4E31-954B-6B8786111CB1}.Debug|Any CPU.ActiveCfg = Debug|Any CPU
		{43AAD26E-233E-4E31-954B-6B8786111CB1}.Debug|Any CPU.Build.0 = Debug|Any CPU
		{43AAD26E-233E-4E31-954B-6B8786111CB1}.Release|Any CPU.ActiveCfg = Release|Any CPU
		{43AAD26E-233E-4E31-954B-6B8786111CB1}.Release|Any CPU.Build.0 = Release|Any CPU
	EndGlobalSection
	GlobalSection(SolutionProperties) = preSolution
		HideSolutionNode = FALSE
	EndGlobalSection
	GlobalSection(ExtensibilityGlobals) = postSolution
		SolutionGuid = {E3CA9FB5-5F69-4185-8AE1-8723F4B75477}
	EndGlobalSection
EndGlobal
