
Microsoft Visual Studio Solution File, Format Version 12.00
# Visual Studio 15
VisualStudioVersion = 15.0.28307.572
MinimumVisualStudioVersion = 10.0.40219.1
Project("{FAE04EC0-301F-11D3-BF4B-00C04F79EFBC}") = "FunctionApp36", "FunctionApp36\FunctionApp36.csproj", "{4A62C83A-BC0A-4C66-BAB2-406262B8A872}"
EndProject
Global
	GlobalSection(SolutionConfigurationPlatforms) = preSolution
		Debug|Any CPU = Debug|Any CPU
		Release|Any CPU = Release|Any CPU
	EndGlobalSection
	GlobalSection(ProjectConfigurationPlatforms) = postSolution
		{4A62C83A-BC0A-4C66-BAB2-406262B8A872}.Debug|Any CPU.ActiveCfg = Debug|Any CPU
		{4A62C83A-BC0A-4C66-BAB2-406262B8A872}.Debug|Any CPU.Build.0 = Debug|Any CPU
		{4A62C83A-BC0A-4C66-BAB2-406262B8A872}.Release|Any CPU.ActiveCfg = Release|Any CPU
		{4A62C83A-BC0A-4C66-BAB2-406262B8A872}.Release|Any CPU.Build.0 = Release|Any CPU
	EndGlobalSection
	GlobalSection(SolutionProperties) = preSolution
		HideSolutionNode = FALSE
	EndGlobalSection
	GlobalSection(ExtensibilityGlobals) = postSolution
		SolutionGuid = {F9F37429-B75D-4697-B0AA-9D07552D2629}
	EndGlobalSection
EndGlobal
