
Microsoft Visual Studio Solution File, Format Version 12.00
# Visual Studio 15
VisualStudioVersion = 15.0.28010.2050
MinimumVisualStudioVersion = 10.0.40219.1
Project("{FAE04EC0-301F-11D3-BF4B-00C04F79EFBC}") = "FunctionApp27", "FunctionApp27\FunctionApp27.csproj", "{9D41B20C-395A-4C02-ACBA-8C860D6FC8D6}"
EndProject
Global
	GlobalSection(SolutionConfigurationPlatforms) = preSolution
		Debug|Any CPU = Debug|Any CPU
		Release|Any CPU = Release|Any CPU
	EndGlobalSection
	GlobalSection(ProjectConfigurationPlatforms) = postSolution
		{9D41B20C-395A-4C02-ACBA-8C860D6FC8D6}.Debug|Any CPU.ActiveCfg = Debug|Any CPU
		{9D41B20C-395A-4C02-ACBA-8C860D6FC8D6}.Debug|Any CPU.Build.0 = Debug|Any CPU
		{9D41B20C-395A-4C02-ACBA-8C860D6FC8D6}.Release|Any CPU.ActiveCfg = Release|Any CPU
		{9D41B20C-395A-4C02-ACBA-8C860D6FC8D6}.Release|Any CPU.Build.0 = Release|Any CPU
	EndGlobalSection
	GlobalSection(SolutionProperties) = preSolution
		HideSolutionNode = FALSE
	EndGlobalSection
	GlobalSection(ExtensibilityGlobals) = postSolution
		SolutionGuid = {A7FB2347-30DA-42DB-84AA-F69B57D4352B}
	EndGlobalSection
EndGlobal
