
Microsoft Visual Studio Solution File, Format Version 12.00
# Visual Studio 15
VisualStudioVersion = 15.0.28307.168
MinimumVisualStudioVersion = 10.0.40219.1
Project("{FAE04EC0-301F-11D3-BF4B-00C04F79EFBC}") = "WebJobTest", "WebJob\WebJobTest.csproj", "{B0897E82-F0D7-42D9-A43E-EF2C8DA7AFE9}"
EndProject
Global
	GlobalSection(SolutionConfigurationPlatforms) = preSolution
		Debug|Any CPU = Debug|Any CPU
		Release|Any CPU = Release|Any CPU
	EndGlobalSection
	GlobalSection(ProjectConfigurationPlatforms) = postSolution
		{B0897E82-F0D7-42D9-A43E-EF2C8DA7AFE9}.Debug|Any CPU.ActiveCfg = Debug|Any CPU
		{B0897E82-F0D7-42D9-A43E-EF2C8DA7AFE9}.Debug|Any CPU.Build.0 = Debug|Any CPU
		{B0897E82-F0D7-42D9-A43E-EF2C8DA7AFE9}.Release|Any CPU.ActiveCfg = Release|Any CPU
		{B0897E82-F0D7-42D9-A43E-EF2C8DA7AFE9}.Release|Any CPU.Build.0 = Release|Any CPU
	EndGlobalSection
	GlobalSection(SolutionProperties) = preSolution
		HideSolutionNode = FALSE
	EndGlobalSection
	GlobalSection(ExtensibilityGlobals) = postSolution
		SolutionGuid = {C061F80E-64DA-48CD-81A9-0699C6E06AB0}
	EndGlobalSection
EndGlobal
