
Microsoft Visual Studio Solution File, Format Version 12.00
# Visual Studio Version 16
VisualStudioVersion = 16.0.29521.150
MinimumVisualStudioVersion = 10.0.40219.1
Project("{FAE04EC0-301F-11D3-BF4B-00C04F79EFBC}") = "FunctionApp62", "FunctionApp62.csproj", "{38BD69CC-9BE5-436A-BA97-117E5631FC00}"
EndProject
Global
	GlobalSection(SolutionConfigurationPlatforms) = preSolution
		Debug|Any CPU = Debug|Any CPU
		Release|Any CPU = Release|Any CPU
	EndGlobalSection
	GlobalSection(ProjectConfigurationPlatforms) = postSolution
		{38BD69CC-9BE5-436A-BA97-117E5631FC00}.Debug|Any CPU.ActiveCfg = Debug|Any CPU
		{38BD69CC-9BE5-436A-BA97-117E5631FC00}.Debug|Any CPU.Build.0 = Debug|Any CPU
		{38BD69CC-9BE5-436A-BA97-117E5631FC00}.Release|Any CPU.ActiveCfg = Release|Any CPU
		{38BD69CC-9BE5-436A-BA97-117E5631FC00}.Release|Any CPU.Build.0 = Release|Any CPU
	EndGlobalSection
	GlobalSection(SolutionProperties) = preSolution
		HideSolutionNode = FALSE
	EndGlobalSection
	GlobalSection(ExtensibilityGlobals) = postSolution
		SolutionGuid = {F57944C9-8DDF-49BB-BF06-885036C70DE6}
	EndGlobalSection
EndGlobal
