
Microsoft Visual Studio Solution File, Format Version 12.00
# Visual Studio 15
VisualStudioVersion = 15.0.28307.572
MinimumVisualStudioVersion = 10.0.40219.1
Project("{151D2E53-A2C4-4D7D-83FE-D05416EBD58E}") = "AzureResourceGroup19", "AzureResourceGroup19\AzureResourceGroup19.deployproj", "{ECF0352D-72E5-4938-9BF6-A096FDF949E7}"
EndProject
Global
	GlobalSection(SolutionConfigurationPlatforms) = preSolution
		Debug|Any CPU = Debug|Any CPU
		Release|Any CPU = Release|Any CPU
	EndGlobalSection
	GlobalSection(ProjectConfigurationPlatforms) = postSolution
		{ECF0352D-72E5-4938-9BF6-A096FDF949E7}.Debug|Any CPU.ActiveCfg = Debug|Any CPU
		{ECF0352D-72E5-4938-9BF6-A096FDF949E7}.Debug|Any CPU.Build.0 = Debug|Any CPU
		{ECF0352D-72E5-4938-9BF6-A096FDF949E7}.Release|Any CPU.ActiveCfg = Release|Any CPU
		{ECF0352D-72E5-4938-9BF6-A096FDF949E7}.Release|Any CPU.Build.0 = Release|Any CPU
	EndGlobalSection
	GlobalSection(SolutionProperties) = preSolution
		HideSolutionNode = FALSE
	EndGlobalSection
	GlobalSection(ExtensibilityGlobals) = postSolution
		SolutionGuid = {5703E9A0-66DF-4624-925F-CF1B6705EA4F}
	EndGlobalSection
EndGlobal
