
Microsoft Visual Studio Solution File, Format Version 12.00
# Visual Studio Version 16
VisualStudioVersion = 16.0.29521.150
MinimumVisualStudioVersion = 10.0.40219.1
Project("{FAE04EC0-301F-11D3-BF4B-00C04F79EFBC}") = "FunctionApp59", "FunctionApp59.csproj", "{496594AB-D8E2-44D8-ACA1-386FBA15BD83}"
EndProject
Global
	GlobalSection(SolutionConfigurationPlatforms) = preSolution
		Debug|Any CPU = Debug|Any CPU
		Release|Any CPU = Release|Any CPU
	EndGlobalSection
	GlobalSection(ProjectConfigurationPlatforms) = postSolution
		{496594AB-D8E2-44D8-ACA1-386FBA15BD83}.Debug|Any CPU.ActiveCfg = Debug|Any CPU
		{496594AB-D8E2-44D8-ACA1-386FBA15BD83}.Debug|Any CPU.Build.0 = Debug|Any CPU
		{496594AB-D8E2-44D8-ACA1-386FBA15BD83}.Release|Any CPU.ActiveCfg = Release|Any CPU
		{496594AB-D8E2-44D8-ACA1-386FBA15BD83}.Release|Any CPU.Build.0 = Release|Any CPU
	EndGlobalSection
	GlobalSection(SolutionProperties) = preSolution
		HideSolutionNode = FALSE
	EndGlobalSection
	GlobalSection(ExtensibilityGlobals) = postSolution
		SolutionGuid = {1F56C7A2-464E-4837-84AA-98164B8BA754}
	EndGlobalSection
EndGlobal
