
Microsoft Visual Studio Solution File, Format Version 12.00
# Visual Studio Version 16
VisualStudioVersion = 16.0.29521.150
MinimumVisualStudioVersion = 10.0.40219.1
Project("{FAE04EC0-301F-11D3-BF4B-00C04F79EFBC}") = "FunctionApp61", "FunctionApp61.csproj", "{578DD226-786D-409D-A04F-D2E68C508FB4}"
EndProject
Global
	GlobalSection(SolutionConfigurationPlatforms) = preSolution
		Debug|Any CPU = Debug|Any CPU
		Release|Any CPU = Release|Any CPU
	EndGlobalSection
	GlobalSection(ProjectConfigurationPlatforms) = postSolution
		{578DD226-786D-409D-A04F-D2E68C508FB4}.Debug|Any CPU.ActiveCfg = Debug|Any CPU
		{578DD226-786D-409D-A04F-D2E68C508FB4}.Debug|Any CPU.Build.0 = Debug|Any CPU
		{578DD226-786D-409D-A04F-D2E68C508FB4}.Release|Any CPU.ActiveCfg = Release|Any CPU
		{578DD226-786D-409D-A04F-D2E68C508FB4}.Release|Any CPU.Build.0 = Release|Any CPU
	EndGlobalSection
	GlobalSection(SolutionProperties) = preSolution
		HideSolutionNode = FALSE
	EndGlobalSection
	GlobalSection(ExtensibilityGlobals) = postSolution
		SolutionGuid = {0B87FB07-D873-440D-823A-6FA3F682AD76}
	EndGlobalSection
EndGlobal
