
Microsoft Visual Studio Solution File, Format Version 12.00
# Visual Studio 15
VisualStudioVersion = 15.0.28010.2050
MinimumVisualStudioVersion = 10.0.40219.1
Project("{CC5FD16D-436D-48AD-A40C-5A424C6E3E79}") = "AzureCloudService6", "AzureCloudService6\AzureCloudService6.ccproj", "{BD8BD7F8-B025-4974-B5EC-515AD68680EE}"
EndProject
Project("{FAE04EC0-301F-11D3-BF4B-00C04F79EFBC}") = "WCFServiceWebRole1", "WCFServiceWebRole1\WCFServiceWebRole1.csproj", "{62AAEC0F-C7E7-4497-AE9F-B3D526770C20}"
EndProject
Project("{888888A0-9F3D-457C-B088-3A5042F75D52}") = "WebRole2", "WebRole2\WebRole2.pyproj", "{B70276F2-C7D1-4D53-A3D8-4B88B3CBBA23}"
EndProject
Project("{888888A0-9F3D-457C-B088-3A5042F75D52}") = "WebRole3", "WebRole3\WebRole3.pyproj", "{BB445905-08CE-40D9-9586-826A19574C2B}"
EndProject
Project("{888888A0-9F3D-457C-B088-3A5042F75D52}") = "WebRole4", "WebRole4\WebRole4.pyproj", "{4F0B63FE-6D03-442F-88BE-EFEAA80B311D}"
EndProject
Global
	GlobalSection(SolutionConfigurationPlatforms) = preSolution
		Debug|Any CPU = Debug|Any CPU
		Release|Any CPU = Release|Any CPU
	EndGlobalSection
	GlobalSection(ProjectConfigurationPlatforms) = postSolution
		{BD8BD7F8-B025-4974-B5EC-515AD68680EE}.Debug|Any CPU.ActiveCfg = Debug|Any CPU
		{BD8BD7F8-B025-4974-B5EC-515AD68680EE}.Debug|Any CPU.Build.0 = Debug|Any CPU
		{BD8BD7F8-B025-4974-B5EC-515AD68680EE}.Release|Any CPU.ActiveCfg = Release|Any CPU
		{BD8BD7F8-B025-4974-B5EC-515AD68680EE}.Release|Any CPU.Build.0 = Release|Any CPU
		{62AAEC0F-C7E7-4497-AE9F-B3D526770C20}.Debug|Any CPU.ActiveCfg = Debug|Any CPU
		{62AAEC0F-C7E7-4497-AE9F-B3D526770C20}.Debug|Any CPU.Build.0 = Debug|Any CPU
		{62AAEC0F-C7E7-4497-AE9F-B3D526770C20}.Release|Any CPU.ActiveCfg = Release|Any CPU
		{62AAEC0F-C7E7-4497-AE9F-B3D526770C20}.Release|Any CPU.Build.0 = Release|Any CPU
		{B70276F2-C7D1-4D53-A3D8-4B88B3CBBA23}.Debug|Any CPU.ActiveCfg = Debug|Any CPU
		{B70276F2-C7D1-4D53-A3D8-4B88B3CBBA23}.Debug|Any CPU.Build.0 = Debug|Any CPU
		{B70276F2-C7D1-4D53-A3D8-4B88B3CBBA23}.Release|Any CPU.ActiveCfg = Release|Any CPU
		{B70276F2-C7D1-4D53-A3D8-4B88B3CBBA23}.Release|Any CPU.Build.0 = Release|Any CPU
		{BB445905-08CE-40D9-9586-826A19574C2B}.Debug|Any CPU.ActiveCfg = Debug|Any CPU
		{BB445905-08CE-40D9-9586-826A19574C2B}.Debug|Any CPU.Build.0 = Debug|Any CPU
		{BB445905-08CE-40D9-9586-826A19574C2B}.Release|Any CPU.ActiveCfg = Release|Any CPU
		{BB445905-08CE-40D9-9586-826A19574C2B}.Release|Any CPU.Build.0 = Release|Any CPU
		{4F0B63FE-6D03-442F-88BE-EFEAA80B311D}.Debug|Any CPU.ActiveCfg = Debug|Any CPU
		{4F0B63FE-6D03-442F-88BE-EFEAA80B311D}.Debug|Any CPU.Build.0 = Debug|Any CPU
		{4F0B63FE-6D03-442F-88BE-EFEAA80B311D}.Release|Any CPU.ActiveCfg = Release|Any CPU
		{4F0B63FE-6D03-442F-88BE-EFEAA80B311D}.Release|Any CPU.Build.0 = Release|Any CPU
	EndGlobalSection
	GlobalSection(SolutionProperties) = preSolution
		HideSolutionNode = FALSE
	EndGlobalSection
	GlobalSection(ExtensibilityGlobals) = postSolution
		SolutionGuid = {01A86B68-8C5E-46BE-8DC6-19A69D06D355}
	EndGlobalSection
EndGlobal
