
Microsoft Visual Studio Solution File, Format Version 12.00
# Visual Studio 15
VisualStudioVersion = 15.0.28010.2050
MinimumVisualStudioVersion = 10.0.40219.1
Project("{FAE04EC0-301F-11D3-BF4B-00C04F79EFBC}") = "FunctionApp31", "FunctionApp31\FunctionApp31.csproj", "{F94D36DC-E0FE-4CBD-A3FB-B663A21B710F}"
EndProject
Global
	GlobalSection(SolutionConfigurationPlatforms) = preSolution
		Debug|Any CPU = Debug|Any CPU
		Release|Any CPU = Release|Any CPU
	EndGlobalSection
	GlobalSection(ProjectConfigurationPlatforms) = postSolution
		{F94D36DC-E0FE-4CBD-A3FB-B663A21B710F}.Debug|Any CPU.ActiveCfg = Debug|Any CPU
		{F94D36DC-E0FE-4CBD-A3FB-B663A21B710F}.Debug|Any CPU.Build.0 = Debug|Any CPU
		{F94D36DC-E0FE-4CBD-A3FB-B663A21B710F}.Release|Any CPU.ActiveCfg = Release|Any CPU
		{F94D36DC-E0FE-4CBD-A3FB-B663A21B710F}.Release|Any CPU.Build.0 = Release|Any CPU
	EndGlobalSection
	GlobalSection(SolutionProperties) = preSolution
		HideSolutionNode = FALSE
	EndGlobalSection
	GlobalSection(ExtensibilityGlobals) = postSolution
		SolutionGuid = {DE6D7234-C90D-4363-ADDF-43C39F512EE9}
	EndGlobalSection
EndGlobal
