
Microsoft Visual Studio Solution File, Format Version 12.00
# Visual Studio 15
VisualStudioVersion = 15.0.28307.168
MinimumVisualStudioVersion = 10.0.40219.1
Project("{FAE04EC0-301F-11D3-BF4B-00C04F79EFBC}") = "FunctionApp24", "FunctionApp24\FunctionApp24.csproj", "{437C1371-4D28-4B34-9E69-762C1E83715F}"
EndProject
Global
	GlobalSection(SolutionConfigurationPlatforms) = preSolution
		Debug|Any CPU = Debug|Any CPU
		Release|Any CPU = Release|Any CPU
	EndGlobalSection
	GlobalSection(ProjectConfigurationPlatforms) = postSolution
		{437C1371-4D28-4B34-9E69-762C1E83715F}.Debug|Any CPU.ActiveCfg = Debug|Any CPU
		{437C1371-4D28-4B34-9E69-762C1E83715F}.Debug|Any CPU.Build.0 = Debug|Any CPU
		{437C1371-4D28-4B34-9E69-762C1E83715F}.Release|Any CPU.ActiveCfg = Release|Any CPU
		{437C1371-4D28-4B34-9E69-762C1E83715F}.Release|Any CPU.Build.0 = Release|Any CPU
	EndGlobalSection
	GlobalSection(SolutionProperties) = preSolution
		HideSolutionNode = FALSE
	EndGlobalSection
	GlobalSection(ExtensibilityGlobals) = postSolution
		SolutionGuid = {72588AD3-7382-45D1-9727-7BF6CC8FE286}
	EndGlobalSection
EndGlobal
