
Microsoft Visual Studio Solution File, Format Version 12.00
# Visual Studio 15
VisualStudioVersion = 15.0.28307.168
MinimumVisualStudioVersion = 10.0.40219.1
Project("{FAE04EC0-301F-11D3-BF4B-00C04F79EFBC}") = "trainingExample", "trainingExample\trainingExample.csproj", "{7C7F755F-B3DC-4365-9C9F-09F24F11A7BC}"
EndProject
Global
	GlobalSection(SolutionConfigurationPlatforms) = preSolution
		Debug|Any CPU = Debug|Any CPU
		Release|Any CPU = Release|Any CPU
	EndGlobalSection
	GlobalSection(ProjectConfigurationPlatforms) = postSolution
		{7C7F755F-B3DC-4365-9C9F-09F24F11A7BC}.Debug|Any CPU.ActiveCfg = Debug|Any CPU
		{7C7F755F-B3DC-4365-9C9F-09F24F11A7BC}.Debug|Any CPU.Build.0 = Debug|Any CPU
		{7C7F755F-B3DC-4365-9C9F-09F24F11A7BC}.Release|Any CPU.ActiveCfg = Release|Any CPU
		{7C7F755F-B3DC-4365-9C9F-09F24F11A7BC}.Release|Any CPU.Build.0 = Release|Any CPU
	EndGlobalSection
	GlobalSection(SolutionProperties) = preSolution
		HideSolutionNode = FALSE
	EndGlobalSection
	GlobalSection(ExtensibilityGlobals) = postSolution
		SolutionGuid = {ED69EFBF-60BE-44B1-B771-5AAB6760A1E3}
	EndGlobalSection
EndGlobal
