
Microsoft Visual Studio Solution File, Format Version 12.00
# Visual Studio 15
VisualStudioVersion = 15.0.28307.572
MinimumVisualStudioVersion = 10.0.40219.1
Project("{FAE04EC0-301F-11D3-BF4B-00C04F79EFBC}") = "WebJob4", "WebJob4\WebJob4.csproj", "{D3B92E3C-EF13-4B20-915C-4A46560C3219}"
EndProject
Global
	GlobalSection(SolutionConfigurationPlatforms) = preSolution
		Debug|Any CPU = Debug|Any CPU
		Release|Any CPU = Release|Any CPU
	EndGlobalSection
	GlobalSection(ProjectConfigurationPlatforms) = postSolution
		{D3B92E3C-EF13-4B20-915C-4A46560C3219}.Debug|Any CPU.ActiveCfg = Debug|Any CPU
		{D3B92E3C-EF13-4B20-915C-4A46560C3219}.Debug|Any CPU.Build.0 = Debug|Any CPU
		{D3B92E3C-EF13-4B20-915C-4A46560C3219}.Release|Any CPU.ActiveCfg = Release|Any CPU
		{D3B92E3C-EF13-4B20-915C-4A46560C3219}.Release|Any CPU.Build.0 = Release|Any CPU
	EndGlobalSection
	GlobalSection(SolutionProperties) = preSolution
		HideSolutionNode = FALSE
	EndGlobalSection
	GlobalSection(ExtensibilityGlobals) = postSolution
		SolutionGuid = {E51B7F2A-AA04-4BCB-8ECB-86E0D9C79C93}
	EndGlobalSection
EndGlobal
