
Microsoft Visual Studio Solution File, Format Version 12.00
# Visual Studio 15
VisualStudioVersion = 15.0.28307.572
MinimumVisualStudioVersion = 10.0.40219.1
Project("{FAE04EC0-301F-11D3-BF4B-00C04F79EFBC}") = "WebJob10", "WebJob10\WebJob10.csproj", "{718F94FE-6BAE-4656-9B96-DA8FED702101}"
EndProject
Global
	GlobalSection(SolutionConfigurationPlatforms) = preSolution
		Debug|Any CPU = Debug|Any CPU
		Release|Any CPU = Release|Any CPU
	EndGlobalSection
	GlobalSection(ProjectConfigurationPlatforms) = postSolution
		{718F94FE-6BAE-4656-9B96-DA8FED702101}.Debug|Any CPU.ActiveCfg = Debug|Any CPU
		{718F94FE-6BAE-4656-9B96-DA8FED702101}.Debug|Any CPU.Build.0 = Debug|Any CPU
		{718F94FE-6BAE-4656-9B96-DA8FED702101}.Release|Any CPU.ActiveCfg = Release|Any CPU
		{718F94FE-6BAE-4656-9B96-DA8FED702101}.Release|Any CPU.Build.0 = Release|Any CPU
	EndGlobalSection
	GlobalSection(SolutionProperties) = preSolution
		HideSolutionNode = FALSE
	EndGlobalSection
	GlobalSection(ExtensibilityGlobals) = postSolution
		SolutionGuid = {9871A9EE-5C01-4EAA-A568-53657043E634}
	EndGlobalSection
EndGlobal
